
Microsoft Visual Studio Solution File, Format Version 12.00
# Visual Studio Version 17
VisualStudioVersion = 17.11.35222.181
MinimumVisualStudioVersion = 10.0.40219.1
Project("{FAE04EC0-301F-11D3-BF4B-00C04F79EFBC}") = "SistemaAlquilerVehiculo", "SistemaAlquilerVehiculo.csproj", "{FA9FE370-20B3-46FF-88DB-F3AD3C54D0C6}"
EndProject
Global
	GlobalSection(SolutionConfigurationPlatforms) = preSolution
		Debug|Any CPU = Debug|Any CPU
		Release|Any CPU = Release|Any CPU
	EndGlobalSection
	GlobalSection(ProjectConfigurationPlatforms) = postSolution
		{FA9FE370-20B3-46FF-88DB-F3AD3C54D0C6}.Debug|Any CPU.ActiveCfg = Debug|Any CPU
		{FA9FE370-20B3-46FF-88DB-F3AD3C54D0C6}.Debug|Any CPU.Build.0 = Debug|Any CPU
		{FA9FE370-20B3-46FF-88DB-F3AD3C54D0C6}.Release|Any CPU.ActiveCfg = Release|Any CPU
		{FA9FE370-20B3-46FF-88DB-F3AD3C54D0C6}.Release|Any CPU.Build.0 = Release|Any CPU
	EndGlobalSection
	GlobalSection(SolutionProperties) = preSolution
		HideSolutionNode = FALSE
	EndGlobalSection
	GlobalSection(ExtensibilityGlobals) = postSolution
		SolutionGuid = {DFFD48FF-FD41-4459-9E0A-3E0A041F9D37}
	EndGlobalSection
EndGlobal
